
Microsoft Visual Studio Solution File, Format Version 12.00
# Visual Studio 15
Project("{FAE04EC0-301F-11D3-BF4B-00C04F79EFBC}") = "Assembly-CSharp", "Assembly-CSharp.csproj", "{2BE2F1B0-22B3-EA6B-95A4-5337967E0BF8}"
EndProject
Project("{FAE04EC0-301F-11D3-BF4B-00C04F79EFBC}") = "Assembly-CSharp-Editor", "Assembly-CSharp-Editor.csproj", "{79EE261C-8F94-9B8C-2EDB-CA81AA127932}"
EndProject
Global
	GlobalSection(SolutionConfigurationPlatforms) = preSolution
		Debug|Any CPU = Debug|Any CPU
		Release|Any CPU = Release|Any CPU
	EndGlobalSection
	GlobalSection(ProjectConfigurationPlatforms) = postSolution
		{2BE2F1B0-22B3-EA6B-95A4-5337967E0BF8}.Debug|Any CPU.ActiveCfg = Debug|Any CPU
		{2BE2F1B0-22B3-EA6B-95A4-5337967E0BF8}.Debug|Any CPU.Build.0 = Debug|Any CPU
		{2BE2F1B0-22B3-EA6B-95A4-5337967E0BF8}.Release|Any CPU.ActiveCfg = Release|Any CPU
		{2BE2F1B0-22B3-EA6B-95A4-5337967E0BF8}.Release|Any CPU.Build.0 = Release|Any CPU
		{79EE261C-8F94-9B8C-2EDB-CA81AA127932}.Debug|Any CPU.ActiveCfg = Debug|Any CPU
		{79EE261C-8F94-9B8C-2EDB-CA81AA127932}.Debug|Any CPU.Build.0 = Debug|Any CPU
		{79EE261C-8F94-9B8C-2EDB-CA81AA127932}.Release|Any CPU.ActiveCfg = Release|Any CPU
		{79EE261C-8F94-9B8C-2EDB-CA81AA127932}.Release|Any CPU.Build.0 = Release|Any CPU
	EndGlobalSection
	GlobalSection(SolutionProperties) = preSolution
		HideSolutionNode = FALSE
	EndGlobalSection
EndGlobal
